// !$*UTF8*$!
{
	archiveVersion = 1;
	classes = {
	};
	objectVersion = 56;
	objects = {

/* Begin PBXBuildFile section */
		4BCD7BC72B74340C001B929C /* SweetSpotApp.swift in Sources */ = {isa = PBXBuildFile; fileRef = 4BCD7BC62B74340C001B929C /* SweetSpotApp.swift */; };
		4BCD7BCB2B743411001B929C /* Assets.xcassets in Resources */ = {isa = PBXBuildFile; fileRef = 4BCD7BCA2B743411001B929C /* Assets.xcassets */; };
		4BCD7BCE2B743411001B929C /* Preview Assets.xcassets in Resources */ = {isa = PBXBuildFile; fileRef = 4BCD7BCD2B743411001B929C /* Preview Assets.xcassets */; };
		4BCD7BD62B7434BE001B929C /* API.swift in Sources */ = {isa = PBXBuildFile; fileRef = 4BCD7BD52B7434BE001B929C /* API.swift */; };
		4BCD7BD92B743655001B929C /* MealsList.swift in Sources */ = {isa = PBXBuildFile; fileRef = 4BCD7BD82B743655001B929C /* MealsList.swift */; };
		4BCD7BDB2B743686001B929C /* Meal.swift in Sources */ = {isa = PBXBuildFile; fileRef = 4BCD7BDA2B743686001B929C /* Meal.swift */; };
		4BCD7BDD2B743F88001B929C /* MealDetail.swift in Sources */ = {isa = PBXBuildFile; fileRef = 4BCD7BDC2B743F88001B929C /* MealDetail.swift */; };
		4BCD7BDF2B7441C0001B929C /* MealService.swift in Sources */ = {isa = PBXBuildFile; fileRef = 4BCD7BDE2B7441C0001B929C /* MealService.swift */; };
		4BCD7BE32B745B18001B929C /* MealListView.swift in Sources */ = {isa = PBXBuildFile; fileRef = 4BCD7BE22B745B17001B929C /* MealListView.swift */; };
		4BCD7BE52B748D4D001B929C /* MealDetailView.swift in Sources */ = {isa = PBXBuildFile; fileRef = 4BCD7BE42B748D4D001B929C /* MealDetailView.swift */; };
		4BCD7BE72B74930D001B929C /* MealListViewModel.swift in Sources */ = {isa = PBXBuildFile; fileRef = 4BCD7BE62B74930D001B929C /* MealListViewModel.swift */; };
		4BCD7BE92B7494C8001B929C /* MealDetailViewModel.swift in Sources */ = {isa = PBXBuildFile; fileRef = 4BCD7BE82B7494C8001B929C /* MealDetailViewModel.swift */; };
/* End PBXBuildFile section */

/* Begin PBXFileReference section */
		4BCD7BC32B74340C001B929C /* SweetSpot.app */ = {isa = PBXFileReference; explicitFileType = wrapper.application; includeInIndex = 0; path = SweetSpot.app; sourceTree = BUILT_PRODUCTS_DIR; };
		4BCD7BC62B74340C001B929C /* SweetSpotApp.swift */ = {isa = PBXFileReference; lastKnownFileType = sourcecode.swift; path = SweetSpotApp.swift; sourceTree = "<group>"; };
		4BCD7BCA2B743411001B929C /* Assets.xcassets */ = {isa = PBXFileReference; lastKnownFileType = folder.assetcatalog; path = Assets.xcassets; sourceTree = "<group>"; };
		4BCD7BCD2B743411001B929C /* Preview Assets.xcassets */ = {isa = PBXFileReference; lastKnownFileType = folder.assetcatalog; path = "Preview Assets.xcassets"; sourceTree = "<group>"; };
		4BCD7BD52B7434BE001B929C /* API.swift */ = {isa = PBXFileReference; lastKnownFileType = sourcecode.swift; path = API.swift; sourceTree = "<group>"; };
		4BCD7BD82B743655001B929C /* MealsList.swift */ = {isa = PBXFileReference; lastKnownFileType = sourcecode.swift; path = MealsList.swift; sourceTree = "<group>"; };
		4BCD7BDA2B743686001B929C /* Meal.swift */ = {isa = PBXFileReference; lastKnownFileType = sourcecode.swift; path = Meal.swift; sourceTree = "<group>"; };
		4BCD7BDC2B743F88001B929C /* MealDetail.swift */ = {isa = PBXFileReference; lastKnownFileType = sourcecode.swift; path = MealDetail.swift; sourceTree = "<group>"; };
		4BCD7BDE2B7441C0001B929C /* MealService.swift */ = {isa = PBXFileReference; lastKnownFileType = sourcecode.swift; path = MealService.swift; sourceTree = "<group>"; };
		4BCD7BE22B745B17001B929C /* MealListView.swift */ = {isa = PBXFileReference; lastKnownFileType = sourcecode.swift; path = MealListView.swift; sourceTree = "<group>"; };
		4BCD7BE42B748D4D001B929C /* MealDetailView.swift */ = {isa = PBXFileReference; lastKnownFileType = sourcecode.swift; path = MealDetailView.swift; sourceTree = "<group>"; };
		4BCD7BE62B74930D001B929C /* MealListViewModel.swift */ = {isa = PBXFileReference; lastKnownFileType = sourcecode.swift; path = MealListViewModel.swift; sourceTree = "<group>"; };
		4BCD7BE82B7494C8001B929C /* MealDetailViewModel.swift */ = {isa = PBXFileReference; lastKnownFileType = sourcecode.swift; path = MealDetailViewModel.swift; sourceTree = "<group>"; };
		4BCD7BEC2B75BDD2001B929C /* Info.plist */ = {isa = PBXFileReference; lastKnownFileType = text.plist; path = Info.plist; sourceTree = "<group>"; };
/* End PBXFileReference section */

/* Begin PBXFrameworksBuildPhase section */
		4BCD7BC02B74340C001B929C /* Frameworks */ = {
			isa = PBXFrameworksBuildPhase;
			buildActionMask = 2147483647;
			files = (
			);
			runOnlyForDeploymentPostprocessing = 0;
		};
/* End PBXFrameworksBuildPhase section */

/* Begin PBXGroup section */
		4BCD7BBA2B74340C001B929C = {
			isa = PBXGroup;
			children = (
				4BCD7BC52B74340C001B929C /* SweetSpot */,
				4BCD7BC42B74340C001B929C /* Products */,
			);
			sourceTree = "<group>";
		};
		4BCD7BC42B74340C001B929C /* Products */ = {
			isa = PBXGroup;
			children = (
				4BCD7BC32B74340C001B929C /* SweetSpot.app */,
			);
			name = Products;
			sourceTree = "<group>";
		};
		4BCD7BC52B74340C001B929C /* SweetSpot */ = {
			isa = PBXGroup;
			children = (
				4BCD7BEC2B75BDD2001B929C /* Info.plist */,
				4BCD7BE12B745AD7001B929C /* ViewModels */,
				4BCD7BE02B745AC5001B929C /* Views */,
				4BCD7BD72B743596001B929C /* Models */,
				4BCD7BD42B7434A7001B929C /* Networking */,
				4BCD7BC62B74340C001B929C /* SweetSpotApp.swift */,
				4BCD7BCA2B743411001B929C /* Assets.xcassets */,
				4BCD7BCC2B743411001B929C /* Preview Content */,
			);
			path = SweetSpot;
			sourceTree = "<group>";
		};
		4BCD7BCC2B743411001B929C /* Preview Content */ = {
			isa = PBXGroup;
			children = (
				4BCD7BCD2B743411001B929C /* Preview Assets.xcassets */,
			);
			path = "Preview Content";
			sourceTree = "<group>";
		};
		4BCD7BD42B7434A7001B929C /* Networking */ = {
			isa = PBXGroup;
			children = (
				4BCD7BD52B7434BE001B929C /* API.swift */,
				4BCD7BDE2B7441C0001B929C /* MealService.swift */,
			);
			path = Networking;
			sourceTree = "<group>";
		};
		4BCD7BD72B743596001B929C /* Models */ = {
			isa = PBXGroup;
			children = (
				4BCD7BD82B743655001B929C /* MealsList.swift */,
				4BCD7BDA2B743686001B929C /* Meal.swift */,
				4BCD7BDC2B743F88001B929C /* MealDetail.swift */,
			);
			path = Models;
			sourceTree = "<group>";
		};
		4BCD7BE02B745AC5001B929C /* Views */ = {
			isa = PBXGroup;
			children = (
				4BCD7BE22B745B17001B929C /* MealListView.swift */,
				4BCD7BE42B748D4D001B929C /* MealDetailView.swift */,
			);
			path = Views;
			sourceTree = "<group>";
		};
		4BCD7BE12B745AD7001B929C /* ViewModels */ = {
			isa = PBXGroup;
			children = (
				4BCD7BE62B74930D001B929C /* MealListViewModel.swift */,
				4BCD7BE82B7494C8001B929C /* MealDetailViewModel.swift */,
			);
			path = ViewModels;
			sourceTree = "<group>";
		};
/* End PBXGroup section */

/* Begin PBXNativeTarget section */
		4BCD7BC22B74340C001B929C /* SweetSpot */ = {
			isa = PBXNativeTarget;
			buildConfigurationList = 4BCD7BD12B743411001B929C /* Build configuration list for PBXNativeTarget "SweetSpot" */;
			buildPhases = (
				4BCD7BBF2B74340C001B929C /* Sources */,
				4BCD7BC02B74340C001B929C /* Frameworks */,
				4BCD7BC12B74340C001B929C /* Resources */,
			);
			buildRules = (
			);
			dependencies = (
			);
			name = SweetSpot;
			productName = SweetSpot;
			productReference = 4BCD7BC32B74340C001B929C /* SweetSpot.app */;
			productType = "com.apple.product-type.application";
		};
/* End PBXNativeTarget section */

/* Begin PBXProject section */
		4BCD7BBB2B74340C001B929C /* Project object */ = {
			isa = PBXProject;
			attributes = {
				BuildIndependentTargetsInParallel = 1;
				LastSwiftUpdateCheck = 1520;
				LastUpgradeCheck = 1520;
				TargetAttributes = {
					4BCD7BC22B74340C001B929C = {
						CreatedOnToolsVersion = 15.2;
					};
				};
			};
			buildConfigurationList = 4BCD7BBE2B74340C001B929C /* Build configuration list for PBXProject "SweetSpot" */;
			compatibilityVersion = "Xcode 14.0";
			developmentRegion = en;
			hasScannedForEncodings = 0;
			knownRegions = (
				en,
				Base,
			);
			mainGroup = 4BCD7BBA2B74340C001B929C;
			productRefGroup = 4BCD7BC42B74340C001B929C /* Products */;
			projectDirPath = "";
			projectRoot = "";
			targets = (
				4BCD7BC22B74340C001B929C /* SweetSpot */,
			);
		};
/* End PBXProject section */

/* Begin PBXResourcesBuildPhase section */
		4BCD7BC12B74340C001B929C /* Resources */ = {
			isa = PBXResourcesBuildPhase;
			buildActionMask = 2147483647;
			files = (
				4BCD7BCE2B743411001B929C /* Preview Assets.xcassets in Resources */,
				4BCD7BCB2B743411001B929C /* Assets.xcassets in Resources */,
			);
			runOnlyForDeploymentPostprocessing = 0;
		};
/* End PBXResourcesBuildPhase section */

/* Begin PBXSourcesBuildPhase section */
		4BCD7BBF2B74340C001B929C /* Sources */ = {
			isa = PBXSourcesBuildPhase;
			buildActionMask = 2147483647;
			files = (
				4BCD7BE52B748D4D001B929C /* MealDetailView.swift in Sources */,
				4BCD7BDB2B743686001B929C /* Meal.swift in Sources */,
				4BCD7BDF2B7441C0001B929C /* MealService.swift in Sources */,
				4BCD7BD92B743655001B929C /* MealsList.swift in Sources */,
				4BCD7BE92B7494C8001B929C /* MealDetailViewModel.swift in Sources */,
				4BCD7BDD2B743F88001B929C /* MealDetail.swift in Sources */,
				4BCD7BD62B7434BE001B929C /* API.swift in Sources */,
				4BCD7BE32B745B18001B929C /* MealListView.swift in Sources */,
				4BCD7BC72B74340C001B929C /* SweetSpotApp.swift in Sources */,
				4BCD7BE72B74930D001B929C /* MealListViewModel.swift in Sources */,
			);
			runOnlyForDeploymentPostprocessing = 0;
		};
/* End PBXSourcesBuildPhase section */

/* Begin XCBuildConfiguration section */
		4BCD7BCF2B743411001B929C /* Debug */ = {
			isa = XCBuildConfiguration;
			buildSettings = {
				ALWAYS_SEARCH_USER_PATHS = NO;
				ASSETCATALOG_COMPILER_GENERATE_SWIFT_ASSET_SYMBOL_EXTENSIONS = YES;
				CLANG_ANALYZER_NONNULL = YES;
				CLANG_ANALYZER_NUMBER_OBJECT_CONVERSION = YES_AGGRESSIVE;
				CLANG_CXX_LANGUAGE_STANDARD = "gnu++20";
				CLANG_ENABLE_MODULES = YES;
				CLANG_ENABLE_OBJC_ARC = YES;
				CLANG_ENABLE_OBJC_WEAK = YES;
				CLANG_WARN_BLOCK_CAPTURE_AUTORELEASING = YES;
				CLANG_WARN_BOOL_CONVERSION = YES;
				CLANG_WARN_COMMA = YES;
				CLANG_WARN_CONSTANT_CONVERSION = YES;
				CLANG_WARN_DEPRECATED_OBJC_IMPLEMENTATIONS = YES;
				CLANG_WARN_DIRECT_OBJC_ISA_USAGE = YES_ERROR;
				CLANG_WARN_DOCUMENTATION_COMMENTS = YES;
				CLANG_WARN_EMPTY_BODY = YES;
				CLANG_WARN_ENUM_CONVERSION = YES;
				CLANG_WARN_INFINITE_RECURSION = YES;
				CLANG_WARN_INT_CONVERSION = YES;
				CLANG_WARN_NON_LITERAL_NULL_CONVERSION = YES;
				CLANG_WARN_OBJC_IMPLICIT_RETAIN_SELF = YES;
				CLANG_WARN_OBJC_LITERAL_CONVERSION = YES;
				CLANG_WARN_OBJC_ROOT_CLASS = YES_ERROR;
				CLANG_WARN_QUOTED_INCLUDE_IN_FRAMEWORK_HEADER = YES;
				CLANG_WARN_RANGE_LOOP_ANALYSIS = YES;
				CLANG_WARN_STRICT_PROTOTYPES = YES;
				CLANG_WARN_SUSPICIOUS_MOVE = YES;
				CLANG_WARN_UNGUARDED_AVAILABILITY = YES_AGGRESSIVE;
				CLANG_WARN_UNREACHABLE_CODE = YES;
				CLANG_WARN__DUPLICATE_METHOD_MATCH = YES;
				COPY_PHASE_STRIP = NO;
				DEBUG_INFORMATION_FORMAT = dwarf;
				ENABLE_STRICT_OBJC_MSGSEND = YES;
				ENABLE_TESTABILITY = YES;
				ENABLE_USER_SCRIPT_SANDBOXING = YES;
				GCC_C_LANGUAGE_STANDARD = gnu17;
				GCC_DYNAMIC_NO_PIC = NO;
				GCC_NO_COMMON_BLOCKS = YES;
				GCC_OPTIMIZATION_LEVEL = 0;
				GCC_PREPROCESSOR_DEFINITIONS = (
					"DEBUG=1",
					"$(inherited)",
				);
				GCC_WARN_64_TO_32_BIT_CONVERSION = YES;
				GCC_WARN_ABOUT_RETURN_TYPE = YES_ERROR;
				GCC_WARN_UNDECLARED_SELECTOR = YES;
				GCC_WARN_UNINITIALIZED_AUTOS = YES_AGGRESSIVE;
				GCC_WARN_UNUSED_FUNCTION = YES;
				GCC_WARN_UNUSED_VARIABLE = YES;
				IPHONEOS_DEPLOYMENT_TARGET = 17.2;
				LOCALIZATION_PREFERS_STRING_CATALOGS = YES;
				MTL_ENABLE_DEBUG_INFO = INCLUDE_SOURCE;
				MTL_FAST_MATH = YES;
				ONLY_ACTIVE_ARCH = YES;
				SDKROOT = iphoneos;
				SWIFT_ACTIVE_COMPILATION_CONDITIONS = "DEBUG $(inherited)";
				SWIFT_OPTIMIZATION_LEVEL = "-Onone";
			};
			name = Debug;
		};
		4BCD7BD02B743411001B929C /* Release */ = {
			isa = XCBuildConfiguration;
			buildSettings = {
				ALWAYS_SEARCH_USER_PATHS = NO;
				ASSETCATALOG_COMPILER_GENERATE_SWIFT_ASSET_SYMBOL_EXTENSIONS = YES;
				CLANG_ANALYZER_NONNULL = YES;
				CLANG_ANALYZER_NUMBER_OBJECT_CONVERSION = YES_AGGRESSIVE;
				CLANG_CXX_LANGUAGE_STANDARD = "gnu++20";
				CLANG_ENABLE_MODULES = YES;
				CLANG_ENABLE_OBJC_ARC = YES;
				CLANG_ENABLE_OBJC_WEAK = YES;
				CLANG_WARN_BLOCK_CAPTURE_AUTORELEASING = YES;
				CLANG_WARN_BOOL_CONVERSION = YES;
				CLANG_WARN_COMMA = YES;
				CLANG_WARN_CONSTANT_CONVERSION = YES;
				CLANG_WARN_DEPRECATED_OBJC_IMPLEMENTATIONS = YES;
				CLANG_WARN_DIRECT_OBJC_ISA_USAGE = YES_ERROR;
				CLANG_WARN_DOCUMENTATION_COMMENTS = YES;
				CLANG_WARN_EMPTY_BODY = YES;
				CLANG_WARN_ENUM_CONVERSION = YES;
				CLANG_WARN_INFINITE_RECURSION = YES;
				CLANG_WARN_INT_CONVERSION = YES;
				CLANG_WARN_NON_LITERAL_NULL_CONVERSION = YES;
				CLANG_WARN_OBJC_IMPLICIT_RETAIN_SELF = YES;
				CLANG_WARN_OBJC_LITERAL_CONVERSION = YES;
				CLANG_WARN_OBJC_ROOT_CLASS = YES_ERROR;
				CLANG_WARN_QUOTED_INCLUDE_IN_FRAMEWORK_HEADER = YES;
				CLANG_WARN_RANGE_LOOP_ANALYSIS = YES;
				CLANG_WARN_STRICT_PROTOTYPES = YES;
				CLANG_WARN_SUSPICIOUS_MOVE = YES;
				CLANG_WARN_UNGUARDED_AVAILABILITY = YES_AGGRESSIVE;
				CLANG_WARN_UNREACHABLE_CODE = YES;
				CLANG_WARN__DUPLICATE_METHOD_MATCH = YES;
				COPY_PHASE_STRIP = NO;
				DEBUG_INFORMATION_FORMAT = "dwarf-with-dsym";
				ENABLE_NS_ASSERTIONS = NO;
				ENABLE_STRICT_OBJC_MSGSEND = YES;
				ENABLE_USER_SCRIPT_SANDBOXING = YES;
				GCC_C_LANGUAGE_STANDARD = gnu17;
				GCC_NO_COMMON_BLOCKS = YES;
				GCC_WARN_64_TO_32_BIT_CONVERSION = YES;
				GCC_WARN_ABOUT_RETURN_TYPE = YES_ERROR;
				GCC_WARN_UNDECLARED_SELECTOR = YES;
				GCC_WARN_UNINITIALIZED_AUTOS = YES_AGGRESSIVE;
				GCC_WARN_UNUSED_FUNCTION = YES;
				GCC_WARN_UNUSED_VARIABLE = YES;
				IPHONEOS_DEPLOYMENT_TARGET = 17.2;
				LOCALIZATION_PREFERS_STRING_CATALOGS = YES;
				MTL_ENABLE_DEBUG_INFO = NO;
				MTL_FAST_MATH = YES;
				SDKROOT = iphoneos;
				SWIFT_COMPILATION_MODE = wholemodule;
				VALIDATE_PRODUCT = YES;
			};
			name = Release;
		};
		4BCD7BD22B743411001B929C /* Debug */ = {
			isa = XCBuildConfiguration;
			buildSettings = {
				ASSETCATALOG_COMPILER_APPICON_NAME = AppIcon;
				ASSETCATALOG_COMPILER_GLOBAL_ACCENT_COLOR_NAME = AccentColor;
				CODE_SIGN_STYLE = Automatic;
				CURRENT_PROJECT_VERSION = 1;
				DEVELOPMENT_ASSET_PATHS = "\"SweetSpot/Preview Content\"";
				DEVELOPMENT_TEAM = LYH9RGS36H;
				ENABLE_PREVIEWS = YES;
				GENERATE_INFOPLIST_FILE = YES;
				INFOPLIST_FILE = SweetSpot/Info.plist;
				INFOPLIST_KEY_UIApplicationSceneManifest_Generation = YES;
				INFOPLIST_KEY_UIApplicationSupportsIndirectInputEvents = YES;
				INFOPLIST_KEY_UILaunchScreen_Generation = YES;
				INFOPLIST_KEY_UISupportedInterfaceOrientations_iPad = "UIInterfaceOrientationPortrait UIInterfaceOrientationPortraitUpsideDown UIInterfaceOrientationLandscapeLeft UIInterfaceOrientationLandscapeRight";
				INFOPLIST_KEY_UISupportedInterfaceOrientations_iPhone = "UIInterfaceOrientationPortrait UIInterfaceOrientationLandscapeLeft UIInterfaceOrientationLandscapeRight";
				LD_RUNPATH_SEARCH_PATHS = (
					"$(inherited)",
					"@executable_path/Frameworks",
				);
				MARKETING_VERSION = 1.0;
				PRODUCT_BUNDLE_IDENTIFIER = com.ratan.SweetSpot;
				PRODUCT_NAME = "$(TARGET_NAME)";
				SWIFT_EMIT_LOC_STRINGS = YES;
				SWIFT_VERSION = 5.0;
				TARGETED_DEVICE_FAMILY = "1,2";
			};
			name = Debug;
		};
		4BCD7BD32B743411001B929C /* Release */ = {
			isa = XCBuildConfiguration;
			buildSettings = {
				ASSETCATALOG_COMPILER_APPICON_NAME = AppIcon;
				ASSETCATALOG_COMPILER_GLOBAL_ACCENT_COLOR_NAME = AccentColor;
				CODE_SIGN_STYLE = Automatic;
				CURRENT_PROJECT_VERSION = 1;
				DEVELOPMENT_ASSET_PATHS = "\"SweetSpot/Preview Content\"";
				DEVELOPMENT_TEAM = LYH9RGS36H;
				ENABLE_PREVIEWS = YES;
				GENERATE_INFOPLIST_FILE = YES;
				INFOPLIST_FILE = SweetSpot/Info.plist;
				INFOPLIST_KEY_UIApplicationSceneManifest_Generation = YES;
				INFOPLIST_KEY_UIApplicationSupportsIndirectInputEvents = YES;
				INFOPLIST_KEY_UILaunchScreen_Generation = YES;
				INFOPLIST_KEY_UISupportedInterfaceOrientations_iPad = "UIInterfaceOrientationPortrait UIInterfaceOrientationPortraitUpsideDown UIInterfaceOrientationLandscapeLeft UIInterfaceOrientationLandscapeRight";
				INFOPLIST_KEY_UISupportedInterfaceOrientations_iPhone = "UIInterfaceOrientationPortrait UIInterfaceOrientationLandscapeLeft UIInterfaceOrientationLandscapeRight";
				LD_RUNPATH_SEARCH_PATHS = (
					"$(inherited)",
					"@executable_path/Frameworks",
				);
				MARKETING_VERSION = 1.0;
				PRODUCT_BUNDLE_IDENTIFIER = com.ratan.SweetSpot;
				PRODUCT_NAME = "$(TARGET_NAME)";
				SWIFT_EMIT_LOC_STRINGS = YES;
				SWIFT_VERSION = 5.0;
				TARGETED_DEVICE_FAMILY = "1,2";
			};
			name = Release;
		};
/* End XCBuildConfiguration section */

/* Begin XCConfigurationList section */
		4BCD7BBE2B74340C001B929C /* Build configuration list for PBXProject "SweetSpot" */ = {
			isa = XCConfigurationList;
			buildConfigurations = (
				4BCD7BCF2B743411001B929C /* Debug */,
				4BCD7BD02B743411001B929C /* Release */,
			);
			defaultConfigurationIsVisible = 0;
			defaultConfigurationName = Release;
		};
		4BCD7BD12B743411001B929C /* Build configuration list for PBXNativeTarget "SweetSpot" */ = {
			isa = XCConfigurationList;
			buildConfigurations = (
				4BCD7BD22B743411001B929C /* Debug */,
				4BCD7BD32B743411001B929C /* Release */,
			);
			defaultConfigurationIsVisible = 0;
			defaultConfigurationName = Release;
		};
/* End XCConfigurationList section */
	};
	rootObject = 4BCD7BBB2B74340C001B929C /* Project object */;
}
